
Microsoft Visual Studio Solution File, Format Version 12.00
# Visual Studio 2013
VisualStudioVersion = 12.0.31101.0
MinimumVisualStudioVersion = 10.0.40219.1
Project("{FAE04EC0-301F-11D3-BF4B-00C04F79EFBC}") = "CCSWE.Core", "Core\CCSWE.Core.csproj", "{7ACEFEFB-FB06-4C20-845E-00A993A20EF4}"
EndProject
Project("{FAE04EC0-301F-11D3-BF4B-00C04F79EFBC}") = "CCSWE.WPF", "WPF\CCSWE.WPF.csproj", "{B45CAF87-A654-435C-B054-8F579059D2A5}"
EndProject
Global
	GlobalSection(SolutionConfigurationPlatforms) = preSolution
		Debug|Any CPU = Debug|Any CPU
		Release|Any CPU = Release|Any CPU
	EndGlobalSection
	GlobalSection(ProjectConfigurationPlatforms) = postSolution
		{7ACEFEFB-FB06-4C20-845E-00A993A20EF4}.Debug|Any CPU.ActiveCfg = Debug|Any CPU
		{7ACEFEFB-FB06-4C20-845E-00A993A20EF4}.Debug|Any CPU.Build.0 = Debug|Any CPU
		{7ACEFEFB-FB06-4C20-845E-00A993A20EF4}.Release|Any CPU.ActiveCfg = Release|Any CPU
		{7ACEFEFB-FB06-4C20-845E-00A993A20EF4}.Release|Any CPU.Build.0 = Release|Any CPU
		{B45CAF87-A654-435C-B054-8F579059D2A5}.Debug|Any CPU.ActiveCfg = Debug|Any CPU
		{B45CAF87-A654-435C-B054-8F579059D2A5}.Debug|Any CPU.Build.0 = Debug|Any CPU
		{B45CAF87-A654-435C-B054-8F579059D2A5}.Release|Any CPU.ActiveCfg = Release|Any CPU
		{B45CAF87-A654-435C-B054-8F579059D2A5}.Release|Any CPU.Build.0 = Release|Any CPU
	EndGlobalSection
	GlobalSection(SolutionProperties) = preSolution
		HideSolutionNode = FALSE
	EndGlobalSection
EndGlobal
