
Microsoft Visual Studio Solution File, Format Version 12.00
# Visual Studio 15
VisualStudioVersion = 15.0.27428.2005
MinimumVisualStudioVersion = 10.0.40219.1
Project("{9A19103F-16F7-4668-BE54-9A1E7A4F7556}") = "CCSWE.Core", "Core\CCSWE.Core.csproj", "{7ACEFEFB-FB06-4C20-845E-00A993A20EF4}"
EndProject
Project("{9A19103F-16F7-4668-BE54-9A1E7A4F7556}") = "CCSWE.Core.UnitTests", "Core.UnitTests\CCSWE.Core.UnitTests.csproj", "{9FA1A6FF-B29A-407B-AAD1-3922A49E7198}"
EndProject
Global
	GlobalSection(SolutionConfigurationPlatforms) = preSolution
		Debug|Any CPU = Debug|Any CPU
		Release|Any CPU = Release|Any CPU
	EndGlobalSection
	GlobalSection(ProjectConfigurationPlatforms) = postSolution
		{7ACEFEFB-FB06-4C20-845E-00A993A20EF4}.Debug|Any CPU.ActiveCfg = Debug|Any CPU
		{7ACEFEFB-FB06-4C20-845E-00A993A20EF4}.Debug|Any CPU.Build.0 = Debug|Any CPU
		{7ACEFEFB-FB06-4C20-845E-00A993A20EF4}.Release|Any CPU.ActiveCfg = Release|Any CPU
		{7ACEFEFB-FB06-4C20-845E-00A993A20EF4}.Release|Any CPU.Build.0 = Release|Any CPU
		{9FA1A6FF-B29A-407B-AAD1-3922A49E7198}.Debug|Any CPU.ActiveCfg = Debug|Any CPU
		{9FA1A6FF-B29A-407B-AAD1-3922A49E7198}.Debug|Any CPU.Build.0 = Debug|Any CPU
		{9FA1A6FF-B29A-407B-AAD1-3922A49E7198}.Release|Any CPU.ActiveCfg = Release|Any CPU
		{9FA1A6FF-B29A-407B-AAD1-3922A49E7198}.Release|Any CPU.Build.0 = Release|Any CPU
	EndGlobalSection
	GlobalSection(SolutionProperties) = preSolution
		HideSolutionNode = FALSE
	EndGlobalSection
	GlobalSection(ExtensibilityGlobals) = postSolution
		SolutionGuid = {60718250-314B-4B71-80FA-A31827242010}
	EndGlobalSection
EndGlobal
